
Microsoft Visual Studio Solution File, Format Version 12.00
# Visual Studio Version 17
VisualStudioVersion = 17.9.34310.174
MinimumVisualStudioVersion = 10.0.40219.1
Project("{FAE04EC0-301F-11D3-BF4B-00C04F79EFBC}") = "Zeugma", "src\Zeugma\Zeugma.csproj", "{7EBE1C14-2DA8-4013-96DB-C13D5D69DC08}"
EndProject
Project("{FAE04EC0-301F-11D3-BF4B-00C04F79EFBC}") = "Zeugma.Client", "src\Zeugma.Client\Zeugma.Client.csproj", "{57AAD45C-F504-47F3-9581-B5EA2DCE0EBD}"
EndProject
Global
	GlobalSection(SolutionConfigurationPlatforms) = preSolution
		Debug|Any CPU = Debug|Any CPU
		Release|Any CPU = Release|Any CPU
	EndGlobalSection
	GlobalSection(ProjectConfigurationPlatforms) = postSolution
		{7EBE1C14-2DA8-4013-96DB-C13D5D69DC08}.Debug|Any CPU.ActiveCfg = Debug|Any CPU
		{7EBE1C14-2DA8-4013-96DB-C13D5D69DC08}.Debug|Any CPU.Build.0 = Debug|Any CPU
		{7EBE1C14-2DA8-4013-96DB-C13D5D69DC08}.Release|Any CPU.ActiveCfg = Release|Any CPU
		{7EBE1C14-2DA8-4013-96DB-C13D5D69DC08}.Release|Any CPU.Build.0 = Release|Any CPU
		{57AAD45C-F504-47F3-9581-B5EA2DCE0EBD}.Debug|Any CPU.ActiveCfg = Debug|Any CPU
		{57AAD45C-F504-47F3-9581-B5EA2DCE0EBD}.Debug|Any CPU.Build.0 = Debug|Any CPU
		{57AAD45C-F504-47F3-9581-B5EA2DCE0EBD}.Release|Any CPU.ActiveCfg = Release|Any CPU
		{57AAD45C-F504-47F3-9581-B5EA2DCE0EBD}.Release|Any CPU.Build.0 = Release|Any CPU
	EndGlobalSection
	GlobalSection(SolutionProperties) = preSolution
		HideSolutionNode = FALSE
	EndGlobalSection
	GlobalSection(ExtensibilityGlobals) = postSolution
		SolutionGuid = {EFD2BDA1-40F4-4ACE-BE9E-D6880B845756}
	EndGlobalSection
EndGlobal
